
Microsoft Visual Studio Solution File, Format Version 12.00
# Visual Studio Version 17
VisualStudioVersion = 17.3.32804.467
MinimumVisualStudioVersion = 10.0.40219.1
Project("{9A19103F-16F7-4668-BE54-9A1E7A4F7556}") = "GrpcBillingService", "GrpcBillingService\GrpcBillingService.csproj", "{FBFDCD06-168D-45D2-8C51-2050A83C9A9B}"
EndProject
Global
	GlobalSection(SolutionConfigurationPlatforms) = preSolution
		Debug|Any CPU = Debug|Any CPU
		Release|Any CPU = Release|Any CPU
	EndGlobalSection
	GlobalSection(ProjectConfigurationPlatforms) = postSolution
		{FBFDCD06-168D-45D2-8C51-2050A83C9A9B}.Debug|Any CPU.ActiveCfg = Debug|Any CPU
		{FBFDCD06-168D-45D2-8C51-2050A83C9A9B}.Debug|Any CPU.Build.0 = Debug|Any CPU
		{FBFDCD06-168D-45D2-8C51-2050A83C9A9B}.Release|Any CPU.ActiveCfg = Release|Any CPU
		{FBFDCD06-168D-45D2-8C51-2050A83C9A9B}.Release|Any CPU.Build.0 = Release|Any CPU
	EndGlobalSection
	GlobalSection(SolutionProperties) = preSolution
		HideSolutionNode = FALSE
	EndGlobalSection
	GlobalSection(ExtensibilityGlobals) = postSolution
		SolutionGuid = {6558D556-C012-41D6-BD03-ADD935842C7B}
	EndGlobalSection
EndGlobal
